// !$*UTF8*$!
{
	archiveVersion = 1;
	classes = {
	};
	objectVersion = 56;
	objects = {

/* Begin PBXBuildFile section */
		2C0190FA2C3FBD1B00602554 /* HexagonParameters.swift in Sources */ = {isa = PBXBuildFile; fileRef = 2C0190F92C3FBD1B00602554 /* HexagonParameters.swift */; };
		2C0190FC2C3FBD9A00602554 /* BadgeBackground.swift in Sources */ = {isa = PBXBuildFile; fileRef = 2C0190FB2C3FBD9A00602554 /* BadgeBackground.swift */; };
		2C0191002C3FC1A300602554 /* landmark_app_icon_1024x1024.png in Resources */ = {isa = PBXBuildFile; fileRef = 2C0190FF2C3FC1A300602554 /* landmark_app_icon_1024x1024.png */; };
		2C0191022C3FC1B900602554 /* BadgeSymbol.swift in Sources */ = {isa = PBXBuildFile; fileRef = 2C0191012C3FC1B900602554 /* BadgeSymbol.swift */; };
		2C0191042C3FC33B00602554 /* RotatedBadgeSymbol.swift in Sources */ = {isa = PBXBuildFile; fileRef = 2C0191032C3FC33B00602554 /* RotatedBadgeSymbol.swift */; };
		2C0191062C3FC3AC00602554 /* Badge.swift in Sources */ = {isa = PBXBuildFile; fileRef = 2C0191052C3FC3AC00602554 /* Badge.swift */; };
		2C01910A2C3FE29C00602554 /* hikeData.json in Resources */ = {isa = PBXBuildFile; fileRef = 2C0191092C3FE29C00602554 /* hikeData.json */; };
		2C01910C2C3FE2AE00602554 /* Hike.swift in Sources */ = {isa = PBXBuildFile; fileRef = 2C01910B2C3FE2AE00602554 /* Hike.swift */; };
		2C0191132C3FE39100602554 /* HikeDetail.swift in Sources */ = {isa = PBXBuildFile; fileRef = 2C01910F2C3FE39100602554 /* HikeDetail.swift */; };
		2C0191142C3FE39100602554 /* GraphCapsule.swift in Sources */ = {isa = PBXBuildFile; fileRef = 2C0191102C3FE39100602554 /* GraphCapsule.swift */; };
		2C0191152C3FE39100602554 /* HikeView.swift in Sources */ = {isa = PBXBuildFile; fileRef = 2C0191112C3FE39100602554 /* HikeView.swift */; };
		2C0191162C3FE39100602554 /* HikeGraph.swift in Sources */ = {isa = PBXBuildFile; fileRef = 2C0191122C3FE39100602554 /* HikeGraph.swift */; };
		2C0191192C3FE94300602554 /* CategoryHome.swift in Sources */ = {isa = PBXBuildFile; fileRef = 2C0191182C3FE94300602554 /* CategoryHome.swift */; };
		2C01911B2C3FEB3700602554 /* CategoryRow.swift in Sources */ = {isa = PBXBuildFile; fileRef = 2C01911A2C3FEB3700602554 /* CategoryRow.swift */; };
		2C01911D2C3FEC7A00602554 /* CategoryItem.swift in Sources */ = {isa = PBXBuildFile; fileRef = 2C01911C2C3FEC7A00602554 /* CategoryItem.swift */; };
		2C01911F2C3FFC1700602554 /* Profile.swift in Sources */ = {isa = PBXBuildFile; fileRef = 2C01911E2C3FFC1700602554 /* Profile.swift */; };
		2C0191222C3FFD8E00602554 /* ProfileHost.swift in Sources */ = {isa = PBXBuildFile; fileRef = 2C0191212C3FFD8E00602554 /* ProfileHost.swift */; };
		2C0191242C3FFE4500602554 /* ProfileSummary.swift in Sources */ = {isa = PBXBuildFile; fileRef = 2C0191232C3FFE4500602554 /* ProfileSummary.swift */; };
		2C0191262C4002D400602554 /* HikeBadge.swift in Sources */ = {isa = PBXBuildFile; fileRef = 2C0191252C4002D300602554 /* HikeBadge.swift */; };
		2CAB5B512C3E980200B3AADC /* LandmarksApp.swift in Sources */ = {isa = PBXBuildFile; fileRef = 2CAB5B502C3E980200B3AADC /* LandmarksApp.swift */; };
		2CAB5B532C3E980200B3AADC /* ContentView.swift in Sources */ = {isa = PBXBuildFile; fileRef = 2CAB5B522C3E980200B3AADC /* ContentView.swift */; };
		2CAB5B552C3E980500B3AADC /* Assets.xcassets in Resources */ = {isa = PBXBuildFile; fileRef = 2CAB5B542C3E980500B3AADC /* Assets.xcassets */; };
		2CAB5B582C3E980500B3AADC /* Preview Assets.xcassets in Resources */ = {isa = PBXBuildFile; fileRef = 2CAB5B572C3E980500B3AADC /* Preview Assets.xcassets */; };
		2CAB5B602C3E9B0C00B3AADC /* CircleImage.swift in Sources */ = {isa = PBXBuildFile; fileRef = 2CAB5B5F2C3E9B0C00B3AADC /* CircleImage.swift */; };
		2CAB5B622C3E9C6F00B3AADC /* MapView.swift in Sources */ = {isa = PBXBuildFile; fileRef = 2CAB5B612C3E9C6F00B3AADC /* MapView.swift */; };
		2CAB5B652C3E9F0300B3AADC /* landmarkData.json in Resources */ = {isa = PBXBuildFile; fileRef = 2CAB5B642C3E9F0300B3AADC /* landmarkData.json */; };
		2CAB5B682C3E9F8700B3AADC /* Landmark.swift in Sources */ = {isa = PBXBuildFile; fileRef = 2CAB5B672C3E9F8700B3AADC /* Landmark.swift */; };
		2CAB5B6A2C3EA15C00B3AADC /* ModelData.swift in Sources */ = {isa = PBXBuildFile; fileRef = 2CAB5B692C3EA15C00B3AADC /* ModelData.swift */; };
		2CAB5B6E2C3EA2F400B3AADC /* LandmarkRow.swift in Sources */ = {isa = PBXBuildFile; fileRef = 2CAB5B6D2C3EA2F400B3AADC /* LandmarkRow.swift */; };
		2CAB5B702C3EA50500B3AADC /* LandmarkList.swift in Sources */ = {isa = PBXBuildFile; fileRef = 2CAB5B6F2C3EA50500B3AADC /* LandmarkList.swift */; };
		2CAB5B722C3EA5F400B3AADC /* LandMarkDetail.swift in Sources */ = {isa = PBXBuildFile; fileRef = 2CAB5B712C3EA5F400B3AADC /* LandMarkDetail.swift */; };
/* End PBXBuildFile section */

/* Begin PBXFileReference section */
		2C0190F92C3FBD1B00602554 /* HexagonParameters.swift */ = {isa = PBXFileReference; lastKnownFileType = sourcecode.swift; path = HexagonParameters.swift; sourceTree = "<group>"; };
		2C0190FB2C3FBD9A00602554 /* BadgeBackground.swift */ = {isa = PBXFileReference; lastKnownFileType = sourcecode.swift; path = BadgeBackground.swift; sourceTree = "<group>"; };
		2C0190FF2C3FC1A300602554 /* landmark_app_icon_1024x1024.png */ = {isa = PBXFileReference; lastKnownFileType = image.png; path = landmark_app_icon_1024x1024.png; sourceTree = "<group>"; };
		2C0191012C3FC1B900602554 /* BadgeSymbol.swift */ = {isa = PBXFileReference; lastKnownFileType = sourcecode.swift; path = BadgeSymbol.swift; sourceTree = "<group>"; };
		2C0191032C3FC33B00602554 /* RotatedBadgeSymbol.swift */ = {isa = PBXFileReference; lastKnownFileType = sourcecode.swift; path = RotatedBadgeSymbol.swift; sourceTree = "<group>"; };
		2C0191052C3FC3AC00602554 /* Badge.swift */ = {isa = PBXFileReference; lastKnownFileType = sourcecode.swift; path = Badge.swift; sourceTree = "<group>"; };
		2C0191092C3FE29C00602554 /* hikeData.json */ = {isa = PBXFileReference; fileEncoding = 4; lastKnownFileType = text.json; path = hikeData.json; sourceTree = "<group>"; };
		2C01910B2C3FE2AE00602554 /* Hike.swift */ = {isa = PBXFileReference; lastKnownFileType = sourcecode.swift; path = Hike.swift; sourceTree = "<group>"; };
		2C01910F2C3FE39100602554 /* HikeDetail.swift */ = {isa = PBXFileReference; fileEncoding = 4; lastKnownFileType = sourcecode.swift; path = HikeDetail.swift; sourceTree = "<group>"; };
		2C0191102C3FE39100602554 /* GraphCapsule.swift */ = {isa = PBXFileReference; fileEncoding = 4; lastKnownFileType = sourcecode.swift; path = GraphCapsule.swift; sourceTree = "<group>"; };
		2C0191112C3FE39100602554 /* HikeView.swift */ = {isa = PBXFileReference; fileEncoding = 4; lastKnownFileType = sourcecode.swift; path = HikeView.swift; sourceTree = "<group>"; };
		2C0191122C3FE39100602554 /* HikeGraph.swift */ = {isa = PBXFileReference; fileEncoding = 4; lastKnownFileType = sourcecode.swift; path = HikeGraph.swift; sourceTree = "<group>"; };
		2C0191182C3FE94300602554 /* CategoryHome.swift */ = {isa = PBXFileReference; lastKnownFileType = sourcecode.swift; path = CategoryHome.swift; sourceTree = "<group>"; };
		2C01911A2C3FEB3700602554 /* CategoryRow.swift */ = {isa = PBXFileReference; lastKnownFileType = sourcecode.swift; path = CategoryRow.swift; sourceTree = "<group>"; };
		2C01911C2C3FEC7A00602554 /* CategoryItem.swift */ = {isa = PBXFileReference; lastKnownFileType = sourcecode.swift; path = CategoryItem.swift; sourceTree = "<group>"; };
		2C01911E2C3FFC1700602554 /* Profile.swift */ = {isa = PBXFileReference; lastKnownFileType = sourcecode.swift; path = Profile.swift; sourceTree = "<group>"; };
		2C0191212C3FFD8E00602554 /* ProfileHost.swift */ = {isa = PBXFileReference; lastKnownFileType = sourcecode.swift; path = ProfileHost.swift; sourceTree = "<group>"; };
		2C0191232C3FFE4500602554 /* ProfileSummary.swift */ = {isa = PBXFileReference; lastKnownFileType = sourcecode.swift; path = ProfileSummary.swift; sourceTree = "<group>"; };
		2C0191252C4002D300602554 /* HikeBadge.swift */ = {isa = PBXFileReference; lastKnownFileType = sourcecode.swift; path = HikeBadge.swift; sourceTree = "<group>"; };
		2CAB5B4D2C3E980200B3AADC /* Landmarks.app */ = {isa = PBXFileReference; explicitFileType = wrapper.application; includeInIndex = 0; path = Landmarks.app; sourceTree = BUILT_PRODUCTS_DIR; };
		2CAB5B502C3E980200B3AADC /* LandmarksApp.swift */ = {isa = PBXFileReference; lastKnownFileType = sourcecode.swift; path = LandmarksApp.swift; sourceTree = "<group>"; };
		2CAB5B522C3E980200B3AADC /* ContentView.swift */ = {isa = PBXFileReference; lastKnownFileType = sourcecode.swift; path = ContentView.swift; sourceTree = "<group>"; };
		2CAB5B542C3E980500B3AADC /* Assets.xcassets */ = {isa = PBXFileReference; lastKnownFileType = folder.assetcatalog; path = Assets.xcassets; sourceTree = "<group>"; };
		2CAB5B572C3E980500B3AADC /* Preview Assets.xcassets */ = {isa = PBXFileReference; lastKnownFileType = folder.assetcatalog; path = "Preview Assets.xcassets"; sourceTree = "<group>"; };
		2CAB5B5F2C3E9B0C00B3AADC /* CircleImage.swift */ = {isa = PBXFileReference; lastKnownFileType = sourcecode.swift; path = CircleImage.swift; sourceTree = "<group>"; };
		2CAB5B612C3E9C6F00B3AADC /* MapView.swift */ = {isa = PBXFileReference; lastKnownFileType = sourcecode.swift; path = MapView.swift; sourceTree = "<group>"; };
		2CAB5B642C3E9F0300B3AADC /* landmarkData.json */ = {isa = PBXFileReference; fileEncoding = 4; lastKnownFileType = text.json; path = landmarkData.json; sourceTree = "<group>"; };
		2CAB5B672C3E9F8700B3AADC /* Landmark.swift */ = {isa = PBXFileReference; lastKnownFileType = sourcecode.swift; path = Landmark.swift; sourceTree = "<group>"; };
		2CAB5B692C3EA15C00B3AADC /* ModelData.swift */ = {isa = PBXFileReference; lastKnownFileType = sourcecode.swift; path = ModelData.swift; sourceTree = "<group>"; };
		2CAB5B6D2C3EA2F400B3AADC /* LandmarkRow.swift */ = {isa = PBXFileReference; lastKnownFileType = sourcecode.swift; path = LandmarkRow.swift; sourceTree = "<group>"; };
		2CAB5B6F2C3EA50500B3AADC /* LandmarkList.swift */ = {isa = PBXFileReference; lastKnownFileType = sourcecode.swift; path = LandmarkList.swift; sourceTree = "<group>"; };
		2CAB5B712C3EA5F400B3AADC /* LandMarkDetail.swift */ = {isa = PBXFileReference; lastKnownFileType = sourcecode.swift; path = LandMarkDetail.swift; sourceTree = "<group>"; };
/* End PBXFileReference section */

/* Begin PBXFrameworksBuildPhase section */
		2CAB5B4A2C3E980200B3AADC /* Frameworks */ = {
			isa = PBXFrameworksBuildPhase;
			buildActionMask = 2147483647;
			files = (
			);
			runOnlyForDeploymentPostprocessing = 0;
		};
/* End PBXFrameworksBuildPhase section */

/* Begin PBXGroup section */
		2C0191072C3FC4B500602554 /* Landmarks */ = {
			isa = PBXGroup;
			children = (
				2CAB5B5F2C3E9B0C00B3AADC /* CircleImage.swift */,
				2CAB5B612C3E9C6F00B3AADC /* MapView.swift */,
				2CAB5B6D2C3EA2F400B3AADC /* LandmarkRow.swift */,
				2CAB5B6F2C3EA50500B3AADC /* LandmarkList.swift */,
				2CAB5B712C3EA5F400B3AADC /* LandMarkDetail.swift */,
			);
			path = Landmarks;
			sourceTree = "<group>";
		};
		2C0191082C3FC4BD00602554 /* Badges */ = {
			isa = PBXGroup;
			children = (
				2C0190F92C3FBD1B00602554 /* HexagonParameters.swift */,
				2C0190FB2C3FBD9A00602554 /* BadgeBackground.swift */,
				2C0191012C3FC1B900602554 /* BadgeSymbol.swift */,
				2C0191032C3FC33B00602554 /* RotatedBadgeSymbol.swift */,
				2C0191052C3FC3AC00602554 /* Badge.swift */,
			);
			path = Badges;
			sourceTree = "<group>";
		};
		2C01910E2C3FE38500602554 /* Hikes */ = {
			isa = PBXGroup;
			children = (
				2C0191102C3FE39100602554 /* GraphCapsule.swift */,
				2C01910F2C3FE39100602554 /* HikeDetail.swift */,
				2C0191122C3FE39100602554 /* HikeGraph.swift */,
				2C0191112C3FE39100602554 /* HikeView.swift */,
				2C0191252C4002D300602554 /* HikeBadge.swift */,
			);
			path = Hikes;
			sourceTree = "<group>";
		};
		2C0191172C3FE92D00602554 /* Categories */ = {
			isa = PBXGroup;
			children = (
				2C0191182C3FE94300602554 /* CategoryHome.swift */,
				2C01911A2C3FEB3700602554 /* CategoryRow.swift */,
				2C01911C2C3FEC7A00602554 /* CategoryItem.swift */,
			);
			path = Categories;
			sourceTree = "<group>";
		};
		2C0191202C3FFCA100602554 /* Profiles */ = {
			isa = PBXGroup;
			children = (
				2C0191212C3FFD8E00602554 /* ProfileHost.swift */,
				2C0191232C3FFE4500602554 /* ProfileSummary.swift */,
			);
			path = Profiles;
			sourceTree = "<group>";
		};
		2CAB5B442C3E980200B3AADC = {
			isa = PBXGroup;
			children = (
				2C0190FF2C3FC1A300602554 /* landmark_app_icon_1024x1024.png */,
				2CAB5B4F2C3E980200B3AADC /* Landmarks */,
				2CAB5B4E2C3E980200B3AADC /* Products */,
			);
			sourceTree = "<group>";
		};
		2CAB5B4E2C3E980200B3AADC /* Products */ = {
			isa = PBXGroup;
			children = (
				2CAB5B4D2C3E980200B3AADC /* Landmarks.app */,
			);
			name = Products;
			sourceTree = "<group>";
		};
		2CAB5B4F2C3E980200B3AADC /* Landmarks */ = {
			isa = PBXGroup;
			children = (
				2CAB5B502C3E980200B3AADC /* LandmarksApp.swift */,
				2CAB5B662C3E9F7900B3AADC /* Models */,
				2CAB5B632C3E9EEB00B3AADC /* Resources */,
				2CAB5B5E2C3E9AF000B3AADC /* View */,
				2CAB5B542C3E980500B3AADC /* Assets.xcassets */,
				2CAB5B562C3E980500B3AADC /* Preview Content */,
			);
			path = Landmarks;
			sourceTree = "<group>";
		};
		2CAB5B562C3E980500B3AADC /* Preview Content */ = {
			isa = PBXGroup;
			children = (
				2CAB5B572C3E980500B3AADC /* Preview Assets.xcassets */,
			);
			path = "Preview Content";
			sourceTree = "<group>";
		};
		2CAB5B5E2C3E9AF000B3AADC /* View */ = {
			isa = PBXGroup;
			children = (
				2C0191202C3FFCA100602554 /* Profiles */,
				2C0191172C3FE92D00602554 /* Categories */,
				2C01910E2C3FE38500602554 /* Hikes */,
				2C0191082C3FC4BD00602554 /* Badges */,
				2C0191072C3FC4B500602554 /* Landmarks */,
				2CAB5B522C3E980200B3AADC /* ContentView.swift */,
			);
			path = View;
			sourceTree = "<group>";
		};
		2CAB5B632C3E9EEB00B3AADC /* Resources */ = {
			isa = PBXGroup;
			children = (
				2C0191092C3FE29C00602554 /* hikeData.json */,
				2CAB5B642C3E9F0300B3AADC /* landmarkData.json */,
			);
			path = Resources;
			sourceTree = "<group>";
		};
		2CAB5B662C3E9F7900B3AADC /* Models */ = {
			isa = PBXGroup;
			children = (
				2CAB5B672C3E9F8700B3AADC /* Landmark.swift */,
				2CAB5B692C3EA15C00B3AADC /* ModelData.swift */,
				2C01910B2C3FE2AE00602554 /* Hike.swift */,
				2C01911E2C3FFC1700602554 /* Profile.swift */,
			);
			path = Models;
			sourceTree = "<group>";
		};
/* End PBXGroup section */

/* Begin PBXNativeTarget section */
		2CAB5B4C2C3E980200B3AADC /* Landmarks */ = {
			isa = PBXNativeTarget;
			buildConfigurationList = 2CAB5B5B2C3E980500B3AADC /* Build configuration list for PBXNativeTarget "Landmarks" */;
			buildPhases = (
				2CAB5B492C3E980200B3AADC /* Sources */,
				2CAB5B4A2C3E980200B3AADC /* Frameworks */,
				2CAB5B4B2C3E980200B3AADC /* Resources */,
			);
			buildRules = (
			);
			dependencies = (
			);
			name = Landmarks;
			productName = Chapter1;
			productReference = 2CAB5B4D2C3E980200B3AADC /* Landmarks.app */;
			productType = "com.apple.product-type.application";
		};
/* End PBXNativeTarget section */

/* Begin PBXProject section */
		2CAB5B452C3E980200B3AADC /* Project object */ = {
			isa = PBXProject;
			attributes = {
				BuildIndependentTargetsInParallel = 1;
				LastSwiftUpdateCheck = 1540;
				LastUpgradeCheck = 1540;
				TargetAttributes = {
					2CAB5B4C2C3E980200B3AADC = {
						CreatedOnToolsVersion = 15.4;
					};
				};
			};
			buildConfigurationList = 2CAB5B482C3E980200B3AADC /* Build configuration list for PBXProject "Landmarks" */;
			compatibilityVersion = "Xcode 14.0";
			developmentRegion = en;
			hasScannedForEncodings = 0;
			knownRegions = (
				en,
				Base,
			);
			mainGroup = 2CAB5B442C3E980200B3AADC;
			productRefGroup = 2CAB5B4E2C3E980200B3AADC /* Products */;
			projectDirPath = "";
			projectRoot = "";
			targets = (
				2CAB5B4C2C3E980200B3AADC /* Landmarks */,
			);
		};
/* End PBXProject section */

/* Begin PBXResourcesBuildPhase section */
		2CAB5B4B2C3E980200B3AADC /* Resources */ = {
			isa = PBXResourcesBuildPhase;
			buildActionMask = 2147483647;
			files = (
				2CAB5B582C3E980500B3AADC /* Preview Assets.xcassets in Resources */,
				2C0191002C3FC1A300602554 /* landmark_app_icon_1024x1024.png in Resources */,
				2CAB5B552C3E980500B3AADC /* Assets.xcassets in Resources */,
				2CAB5B652C3E9F0300B3AADC /* landmarkData.json in Resources */,
				2C01910A2C3FE29C00602554 /* hikeData.json in Resources */,
			);
			runOnlyForDeploymentPostprocessing = 0;
		};
/* End PBXResourcesBuildPhase section */

/* Begin PBXSourcesBuildPhase section */
		2CAB5B492C3E980200B3AADC /* Sources */ = {
			isa = PBXSourcesBuildPhase;
			buildActionMask = 2147483647;
			files = (
				2C01910C2C3FE2AE00602554 /* Hike.swift in Sources */,
				2C0190FA2C3FBD1B00602554 /* HexagonParameters.swift in Sources */,
				2CAB5B532C3E980200B3AADC /* ContentView.swift in Sources */,
				2C0191222C3FFD8E00602554 /* ProfileHost.swift in Sources */,
				2C01911F2C3FFC1700602554 /* Profile.swift in Sources */,
				2C0191142C3FE39100602554 /* GraphCapsule.swift in Sources */,
				2C01911B2C3FEB3700602554 /* CategoryRow.swift in Sources */,
				2C0191192C3FE94300602554 /* CategoryHome.swift in Sources */,
				2C0191162C3FE39100602554 /* HikeGraph.swift in Sources */,
				2CAB5B622C3E9C6F00B3AADC /* MapView.swift in Sources */,
				2CAB5B512C3E980200B3AADC /* LandmarksApp.swift in Sources */,
				2CAB5B702C3EA50500B3AADC /* LandmarkList.swift in Sources */,
				2C0191022C3FC1B900602554 /* BadgeSymbol.swift in Sources */,
				2CAB5B722C3EA5F400B3AADC /* LandMarkDetail.swift in Sources */,
				2C0191062C3FC3AC00602554 /* Badge.swift in Sources */,
				2C0190FC2C3FBD9A00602554 /* BadgeBackground.swift in Sources */,
				2C0191262C4002D400602554 /* HikeBadge.swift in Sources */,
				2CAB5B602C3E9B0C00B3AADC /* CircleImage.swift in Sources */,
				2CAB5B682C3E9F8700B3AADC /* Landmark.swift in Sources */,
				2C0191152C3FE39100602554 /* HikeView.swift in Sources */,
				2C0191042C3FC33B00602554 /* RotatedBadgeSymbol.swift in Sources */,
				2CAB5B6E2C3EA2F400B3AADC /* LandmarkRow.swift in Sources */,
				2CAB5B6A2C3EA15C00B3AADC /* ModelData.swift in Sources */,
				2C0191242C3FFE4500602554 /* ProfileSummary.swift in Sources */,
				2C01911D2C3FEC7A00602554 /* CategoryItem.swift in Sources */,
				2C0191132C3FE39100602554 /* HikeDetail.swift in Sources */,
			);
			runOnlyForDeploymentPostprocessing = 0;
		};
/* End PBXSourcesBuildPhase section */

/* Begin XCBuildConfiguration section */
		2CAB5B592C3E980500B3AADC /* Debug */ = {
			isa = XCBuildConfiguration;
			buildSettings = {
				ALWAYS_SEARCH_USER_PATHS = NO;
				ASSETCATALOG_COMPILER_GENERATE_SWIFT_ASSET_SYMBOL_EXTENSIONS = YES;
				CLANG_ANALYZER_NONNULL = YES;
				CLANG_ANALYZER_NUMBER_OBJECT_CONVERSION = YES_AGGRESSIVE;
				CLANG_CXX_LANGUAGE_STANDARD = "gnu++20";
				CLANG_ENABLE_MODULES = YES;
				CLANG_ENABLE_OBJC_ARC = YES;
				CLANG_ENABLE_OBJC_WEAK = YES;
				CLANG_WARN_BLOCK_CAPTURE_AUTORELEASING = YES;
				CLANG_WARN_BOOL_CONVERSION = YES;
				CLANG_WARN_COMMA = YES;
				CLANG_WARN_CONSTANT_CONVERSION = YES;
				CLANG_WARN_DEPRECATED_OBJC_IMPLEMENTATIONS = YES;
				CLANG_WARN_DIRECT_OBJC_ISA_USAGE = YES_ERROR;
				CLANG_WARN_DOCUMENTATION_COMMENTS = YES;
				CLANG_WARN_EMPTY_BODY = YES;
				CLANG_WARN_ENUM_CONVERSION = YES;
				CLANG_WARN_INFINITE_RECURSION = YES;
				CLANG_WARN_INT_CONVERSION = YES;
				CLANG_WARN_NON_LITERAL_NULL_CONVERSION = YES;
				CLANG_WARN_OBJC_IMPLICIT_RETAIN_SELF = YES;
				CLANG_WARN_OBJC_LITERAL_CONVERSION = YES;
				CLANG_WARN_OBJC_ROOT_CLASS = YES_ERROR;
				CLANG_WARN_QUOTED_INCLUDE_IN_FRAMEWORK_HEADER = YES;
				CLANG_WARN_RANGE_LOOP_ANALYSIS = YES;
				CLANG_WARN_STRICT_PROTOTYPES = YES;
				CLANG_WARN_SUSPICIOUS_MOVE = YES;
				CLANG_WARN_UNGUARDED_AVAILABILITY = YES_AGGRESSIVE;
				CLANG_WARN_UNREACHABLE_CODE = YES;
				CLANG_WARN__DUPLICATE_METHOD_MATCH = YES;
				COPY_PHASE_STRIP = NO;
				DEBUG_INFORMATION_FORMAT = dwarf;
				ENABLE_STRICT_OBJC_MSGSEND = YES;
				ENABLE_TESTABILITY = YES;
				ENABLE_USER_SCRIPT_SANDBOXING = YES;
				GCC_C_LANGUAGE_STANDARD = gnu17;
				GCC_DYNAMIC_NO_PIC = NO;
				GCC_NO_COMMON_BLOCKS = YES;
				GCC_OPTIMIZATION_LEVEL = 0;
				GCC_PREPROCESSOR_DEFINITIONS = (
					"DEBUG=1",
					"$(inherited)",
				);
				GCC_WARN_64_TO_32_BIT_CONVERSION = YES;
				GCC_WARN_ABOUT_RETURN_TYPE = YES_ERROR;
				GCC_WARN_UNDECLARED_SELECTOR = YES;
				GCC_WARN_UNINITIALIZED_AUTOS = YES_AGGRESSIVE;
				GCC_WARN_UNUSED_FUNCTION = YES;
				GCC_WARN_UNUSED_VARIABLE = YES;
				IPHONEOS_DEPLOYMENT_TARGET = 17.5;
				LOCALIZATION_PREFERS_STRING_CATALOGS = YES;
				MTL_ENABLE_DEBUG_INFO = INCLUDE_SOURCE;
				MTL_FAST_MATH = YES;
				ONLY_ACTIVE_ARCH = YES;
				SDKROOT = iphoneos;
				SWIFT_ACTIVE_COMPILATION_CONDITIONS = "DEBUG $(inherited)";
				SWIFT_OPTIMIZATION_LEVEL = "-Onone";
			};
			name = Debug;
		};
		2CAB5B5A2C3E980500B3AADC /* Release */ = {
			isa = XCBuildConfiguration;
			buildSettings = {
				ALWAYS_SEARCH_USER_PATHS = NO;
				ASSETCATALOG_COMPILER_GENERATE_SWIFT_ASSET_SYMBOL_EXTENSIONS = YES;
				CLANG_ANALYZER_NONNULL = YES;
				CLANG_ANALYZER_NUMBER_OBJECT_CONVERSION = YES_AGGRESSIVE;
				CLANG_CXX_LANGUAGE_STANDARD = "gnu++20";
				CLANG_ENABLE_MODULES = YES;
				CLANG_ENABLE_OBJC_ARC = YES;
				CLANG_ENABLE_OBJC_WEAK = YES;
				CLANG_WARN_BLOCK_CAPTURE_AUTORELEASING = YES;
				CLANG_WARN_BOOL_CONVERSION = YES;
				CLANG_WARN_COMMA = YES;
				CLANG_WARN_CONSTANT_CONVERSION = YES;
				CLANG_WARN_DEPRECATED_OBJC_IMPLEMENTATIONS = YES;
				CLANG_WARN_DIRECT_OBJC_ISA_USAGE = YES_ERROR;
				CLANG_WARN_DOCUMENTATION_COMMENTS = YES;
				CLANG_WARN_EMPTY_BODY = YES;
				CLANG_WARN_ENUM_CONVERSION = YES;
				CLANG_WARN_INFINITE_RECURSION = YES;
				CLANG_WARN_INT_CONVERSION = YES;
				CLANG_WARN_NON_LITERAL_NULL_CONVERSION = YES;
				CLANG_WARN_OBJC_IMPLICIT_RETAIN_SELF = YES;
				CLANG_WARN_OBJC_LITERAL_CONVERSION = YES;
				CLANG_WARN_OBJC_ROOT_CLASS = YES_ERROR;
				CLANG_WARN_QUOTED_INCLUDE_IN_FRAMEWORK_HEADER = YES;
				CLANG_WARN_RANGE_LOOP_ANALYSIS = YES;
				CLANG_WARN_STRICT_PROTOTYPES = YES;
				CLANG_WARN_SUSPICIOUS_MOVE = YES;
				CLANG_WARN_UNGUARDED_AVAILABILITY = YES_AGGRESSIVE;
				CLANG_WARN_UNREACHABLE_CODE = YES;
				CLANG_WARN__DUPLICATE_METHOD_MATCH = YES;
				COPY_PHASE_STRIP = NO;
				DEBUG_INFORMATION_FORMAT = "dwarf-with-dsym";
				ENABLE_NS_ASSERTIONS = NO;
				ENABLE_STRICT_OBJC_MSGSEND = YES;
				ENABLE_USER_SCRIPT_SANDBOXING = YES;
				GCC_C_LANGUAGE_STANDARD = gnu17;
				GCC_NO_COMMON_BLOCKS = YES;
				GCC_WARN_64_TO_32_BIT_CONVERSION = YES;
				GCC_WARN_ABOUT_RETURN_TYPE = YES_ERROR;
				GCC_WARN_UNDECLARED_SELECTOR = YES;
				GCC_WARN_UNINITIALIZED_AUTOS = YES_AGGRESSIVE;
				GCC_WARN_UNUSED_FUNCTION = YES;
				GCC_WARN_UNUSED_VARIABLE = YES;
				IPHONEOS_DEPLOYMENT_TARGET = 17.5;
				LOCALIZATION_PREFERS_STRING_CATALOGS = YES;
				MTL_ENABLE_DEBUG_INFO = NO;
				MTL_FAST_MATH = YES;
				SDKROOT = iphoneos;
				SWIFT_COMPILATION_MODE = wholemodule;
				VALIDATE_PRODUCT = YES;
			};
			name = Release;
		};
		2CAB5B5C2C3E980500B3AADC /* Debug */ = {
			isa = XCBuildConfiguration;
			buildSettings = {
				ASSETCATALOG_COMPILER_APPICON_NAME = AppIcon;
				ASSETCATALOG_COMPILER_GLOBAL_ACCENT_COLOR_NAME = AccentColor;
				CODE_SIGN_STYLE = Automatic;
				CURRENT_PROJECT_VERSION = 1;
				DEVELOPMENT_ASSET_PATHS = "\"Landmarks/Preview Content\"";
				DEVELOPMENT_TEAM = 899UYL8QU3;
				ENABLE_PREVIEWS = YES;
				GENERATE_INFOPLIST_FILE = YES;
				INFOPLIST_KEY_UIApplicationSceneManifest_Generation = YES;
				INFOPLIST_KEY_UIApplicationSupportsIndirectInputEvents = YES;
				INFOPLIST_KEY_UILaunchScreen_Generation = YES;
				INFOPLIST_KEY_UISupportedInterfaceOrientations_iPad = "UIInterfaceOrientationPortrait UIInterfaceOrientationPortraitUpsideDown UIInterfaceOrientationLandscapeLeft UIInterfaceOrientationLandscapeRight";
				INFOPLIST_KEY_UISupportedInterfaceOrientations_iPhone = "UIInterfaceOrientationPortrait UIInterfaceOrientationLandscapeLeft UIInterfaceOrientationLandscapeRight";
				LD_RUNPATH_SEARCH_PATHS = (
					"$(inherited)",
					"@executable_path/Frameworks",
				);
				MARKETING_VERSION = 1.0;
				PRODUCT_BUNDLE_IDENTIFIER = com.leemhyungyu.Chapter1;
				PRODUCT_NAME = "$(TARGET_NAME)";
				SWIFT_EMIT_LOC_STRINGS = YES;
				SWIFT_VERSION = 5.0;
				TARGETED_DEVICE_FAMILY = "1,2";
			};
			name = Debug;
		};
		2CAB5B5D2C3E980500B3AADC /* Release */ = {
			isa = XCBuildConfiguration;
			buildSettings = {
				ASSETCATALOG_COMPILER_APPICON_NAME = AppIcon;
				ASSETCATALOG_COMPILER_GLOBAL_ACCENT_COLOR_NAME = AccentColor;
				CODE_SIGN_STYLE = Automatic;
				CURRENT_PROJECT_VERSION = 1;
				DEVELOPMENT_ASSET_PATHS = "\"Landmarks/Preview Content\"";
				DEVELOPMENT_TEAM = 899UYL8QU3;
				ENABLE_PREVIEWS = YES;
				GENERATE_INFOPLIST_FILE = YES;
				INFOPLIST_KEY_UIApplicationSceneManifest_Generation = YES;
				INFOPLIST_KEY_UIApplicationSupportsIndirectInputEvents = YES;
				INFOPLIST_KEY_UILaunchScreen_Generation = YES;
				INFOPLIST_KEY_UISupportedInterfaceOrientations_iPad = "UIInterfaceOrientationPortrait UIInterfaceOrientationPortraitUpsideDown UIInterfaceOrientationLandscapeLeft UIInterfaceOrientationLandscapeRight";
				INFOPLIST_KEY_UISupportedInterfaceOrientations_iPhone = "UIInterfaceOrientationPortrait UIInterfaceOrientationLandscapeLeft UIInterfaceOrientationLandscapeRight";
				LD_RUNPATH_SEARCH_PATHS = (
					"$(inherited)",
					"@executable_path/Frameworks",
				);
				MARKETING_VERSION = 1.0;
				PRODUCT_BUNDLE_IDENTIFIER = com.leemhyungyu.Chapter1;
				PRODUCT_NAME = "$(TARGET_NAME)";
				SWIFT_EMIT_LOC_STRINGS = YES;
				SWIFT_VERSION = 5.0;
				TARGETED_DEVICE_FAMILY = "1,2";
			};
			name = Release;
		};
/* End XCBuildConfiguration section */

/* Begin XCConfigurationList section */
		2CAB5B482C3E980200B3AADC /* Build configuration list for PBXProject "Landmarks" */ = {
			isa = XCConfigurationList;
			buildConfigurations = (
				2CAB5B592C3E980500B3AADC /* Debug */,
				2CAB5B5A2C3E980500B3AADC /* Release */,
			);
			defaultConfigurationIsVisible = 0;
			defaultConfigurationName = Release;
		};
		2CAB5B5B2C3E980500B3AADC /* Build configuration list for PBXNativeTarget "Landmarks" */ = {
			isa = XCConfigurationList;
			buildConfigurations = (
				2CAB5B5C2C3E980500B3AADC /* Debug */,
				2CAB5B5D2C3E980500B3AADC /* Release */,
			);
			defaultConfigurationIsVisible = 0;
			defaultConfigurationName = Release;
		};
/* End XCConfigurationList section */
	};
	rootObject = 2CAB5B452C3E980200B3AADC /* Project object */;
}
